// !$*UTF8*$!
{
	archiveVersion = 1;
	classes = {
	};
	objectVersion = 50;
	objects = {

/* Begin PBXBuildFile section */
		C21C2B5C260709D400A0F231 /* AppDelegate.swift in Sources */ = {isa = PBXBuildFile; fileRef = C21C2B5B260709D400A0F231 /* AppDelegate.swift */; };
		C21C2B5E260709D400A0F231 /* SceneDelegate.swift in Sources */ = {isa = PBXBuildFile; fileRef = C21C2B5D260709D400A0F231 /* SceneDelegate.swift */; };
		C21C2B63260709D400A0F231 /* Main.storyboard in Resources */ = {isa = PBXBuildFile; fileRef = C21C2B61260709D400A0F231 /* Main.storyboard */; };
		C21C2B65260709D700A0F231 /* Assets.xcassets in Resources */ = {isa = PBXBuildFile; fileRef = C21C2B64260709D700A0F231 /* Assets.xcassets */; };
		C21C2B68260709D700A0F231 /* LaunchScreen.storyboard in Resources */ = {isa = PBXBuildFile; fileRef = C21C2B66260709D700A0F231 /* LaunchScreen.storyboard */; };
		C21C2B7E2607CA4700A0F231 /* ListTableViewController.swift in Sources */ = {isa = PBXBuildFile; fileRef = C21C2B7D2607CA4700A0F231 /* ListTableViewController.swift */; };
		C23EC10A26397775007DF76C /* EditFoodViewController.swift in Sources */ = {isa = PBXBuildFile; fileRef = C23EC10926397775007DF76C /* EditFoodViewController.swift */; };
		C23EC10D26397DAA007DF76C /* Food.swift in Sources */ = {isa = PBXBuildFile; fileRef = C23EC10C26397DAA007DF76C /* Food.swift */; };
		C287B14A26556BFB000C4022 /* SearchDetailViewController.swift in Sources */ = {isa = PBXBuildFile; fileRef = C287B14926556BFB000C4022 /* SearchDetailViewController.swift */; };
		C2B4D20326273081005A4F5B /* ToDoViewController.swift in Sources */ = {isa = PBXBuildFile; fileRef = C2B4D20226273081005A4F5B /* ToDoViewController.swift */; };
		C2B4D242262D41AC005A4F5B /* RecipeTableViewController.swift in Sources */ = {isa = PBXBuildFile; fileRef = C2B4D241262D41AC005A4F5B /* RecipeTableViewController.swift */; };
		C2B4D246262D60A5005A4F5B /* RecipeViewController.swift in Sources */ = {isa = PBXBuildFile; fileRef = C2B4D245262D60A4005A4F5B /* RecipeViewController.swift */; };
		C2B4D24C262D6855005A4F5B /* Recipe.swift in Sources */ = {isa = PBXBuildFile; fileRef = C2B4D24B262D6855005A4F5B /* Recipe.swift */; };
		C2B4D254262EBA3C005A4F5B /* RecipeTableViewCell.swift in Sources */ = {isa = PBXBuildFile; fileRef = C2B4D253262EBA3C005A4F5B /* RecipeTableViewCell.swift */; };
		C2B4D25A262ECACD005A4F5B /* RecipeDetailViewController.swift in Sources */ = {isa = PBXBuildFile; fileRef = C2B4D259262ECACD005A4F5B /* RecipeDetailViewController.swift */; };
		C2B4D25E262F142A005A4F5B /* FoodDetailTableViewCell.swift in Sources */ = {isa = PBXBuildFile; fileRef = C2B4D25D262F1429005A4F5B /* FoodDetailTableViewCell.swift */; };
		C2B4D262262FF6F2005A4F5B /* MenuTableViewCell.swift in Sources */ = {isa = PBXBuildFile; fileRef = C2B4D261262FF6F1005A4F5B /* MenuTableViewCell.swift */; };
		C2CC25DB26302D2F001C91B0 /* IngredientTableViewCell.swift in Sources */ = {isa = PBXBuildFile; fileRef = C2CC25DA26302D2F001C91B0 /* IngredientTableViewCell.swift */; };
		C2CC25E4263289F8001C91B0 /* StepCell.swift in Sources */ = {isa = PBXBuildFile; fileRef = C2CC25E3263289F7001C91B0 /* StepCell.swift */; };
		C2E5278F264163AC00D61FFA /* SearchViewController.swift in Sources */ = {isa = PBXBuildFile; fileRef = C2E5278E264163AC00D61FFA /* SearchViewController.swift */; };
		C2E527972643994500D61FFA /* SearchTableViewCell.swift in Sources */ = {isa = PBXBuildFile; fileRef = C2E527962643994400D61FFA /* SearchTableViewCell.swift */; };
/* End PBXBuildFile section */

/* Begin PBXFileReference section */
		C21C2B58260709D400A0F231 /* MyRecipe.app */ = {isa = PBXFileReference; explicitFileType = wrapper.application; includeInIndex = 0; path = MyRecipe.app; sourceTree = BUILT_PRODUCTS_DIR; };
		C21C2B5B260709D400A0F231 /* AppDelegate.swift */ = {isa = PBXFileReference; lastKnownFileType = sourcecode.swift; path = AppDelegate.swift; sourceTree = "<group>"; };
		C21C2B5D260709D400A0F231 /* SceneDelegate.swift */ = {isa = PBXFileReference; lastKnownFileType = sourcecode.swift; path = SceneDelegate.swift; sourceTree = "<group>"; };
		C21C2B62260709D400A0F231 /* Base */ = {isa = PBXFileReference; lastKnownFileType = file.storyboard; name = Base; path = Base.lproj/Main.storyboard; sourceTree = "<group>"; };
		C21C2B64260709D700A0F231 /* Assets.xcassets */ = {isa = PBXFileReference; lastKnownFileType = folder.assetcatalog; path = Assets.xcassets; sourceTree = "<group>"; };
		C21C2B67260709D700A0F231 /* Base */ = {isa = PBXFileReference; lastKnownFileType = file.storyboard; name = Base; path = Base.lproj/LaunchScreen.storyboard; sourceTree = "<group>"; };
		C21C2B69260709D700A0F231 /* Info.plist */ = {isa = PBXFileReference; lastKnownFileType = text.plist.xml; path = Info.plist; sourceTree = "<group>"; };
		C21C2B7D2607CA4700A0F231 /* ListTableViewController.swift */ = {isa = PBXFileReference; lastKnownFileType = sourcecode.swift; path = ListTableViewController.swift; sourceTree = "<group>"; };
		C23EC10926397775007DF76C /* EditFoodViewController.swift */ = {isa = PBXFileReference; lastKnownFileType = sourcecode.swift; path = EditFoodViewController.swift; sourceTree = "<group>"; };
		C23EC10C26397DAA007DF76C /* Food.swift */ = {isa = PBXFileReference; lastKnownFileType = sourcecode.swift; path = Food.swift; sourceTree = "<group>"; };
		C287B14926556BFB000C4022 /* SearchDetailViewController.swift */ = {isa = PBXFileReference; lastKnownFileType = sourcecode.swift; path = SearchDetailViewController.swift; sourceTree = "<group>"; };
		C2B4D20226273081005A4F5B /* ToDoViewController.swift */ = {isa = PBXFileReference; lastKnownFileType = sourcecode.swift; path = ToDoViewController.swift; sourceTree = "<group>"; };
		C2B4D241262D41AC005A4F5B /* RecipeTableViewController.swift */ = {isa = PBXFileReference; lastKnownFileType = sourcecode.swift; path = RecipeTableViewController.swift; sourceTree = "<group>"; };
		C2B4D245262D60A4005A4F5B /* RecipeViewController.swift */ = {isa = PBXFileReference; lastKnownFileType = sourcecode.swift; path = RecipeViewController.swift; sourceTree = "<group>"; };
		C2B4D24B262D6855005A4F5B /* Recipe.swift */ = {isa = PBXFileReference; lastKnownFileType = sourcecode.swift; path = Recipe.swift; sourceTree = "<group>"; };
		C2B4D253262EBA3C005A4F5B /* RecipeTableViewCell.swift */ = {isa = PBXFileReference; lastKnownFileType = sourcecode.swift; path = RecipeTableViewCell.swift; sourceTree = "<group>"; };
		C2B4D259262ECACD005A4F5B /* RecipeDetailViewController.swift */ = {isa = PBXFileReference; lastKnownFileType = sourcecode.swift; path = RecipeDetailViewController.swift; sourceTree = "<group>"; };
		C2B4D25D262F1429005A4F5B /* FoodDetailTableViewCell.swift */ = {isa = PBXFileReference; fileEncoding = 4; lastKnownFileType = sourcecode.swift; path = FoodDetailTableViewCell.swift; sourceTree = "<group>"; };
		C2B4D261262FF6F1005A4F5B /* MenuTableViewCell.swift */ = {isa = PBXFileReference; lastKnownFileType = sourcecode.swift; path = MenuTableViewCell.swift; sourceTree = "<group>"; };
		C2CC25DA26302D2F001C91B0 /* IngredientTableViewCell.swift */ = {isa = PBXFileReference; lastKnownFileType = sourcecode.swift; path = IngredientTableViewCell.swift; sourceTree = "<group>"; };
		C2CC25E3263289F7001C91B0 /* StepCell.swift */ = {isa = PBXFileReference; lastKnownFileType = sourcecode.swift; path = StepCell.swift; sourceTree = "<group>"; };
		C2E5278E264163AC00D61FFA /* SearchViewController.swift */ = {isa = PBXFileReference; lastKnownFileType = sourcecode.swift; path = SearchViewController.swift; sourceTree = "<group>"; };
		C2E527962643994400D61FFA /* SearchTableViewCell.swift */ = {isa = PBXFileReference; lastKnownFileType = sourcecode.swift; path = SearchTableViewCell.swift; sourceTree = "<group>"; };
/* End PBXFileReference section */

/* Begin PBXFrameworksBuildPhase section */
		C21C2B55260709D400A0F231 /* Frameworks */ = {
			isa = PBXFrameworksBuildPhase;
			buildActionMask = 2147483647;
			files = (
			);
			runOnlyForDeploymentPostprocessing = 0;
		};
/* End PBXFrameworksBuildPhase section */

/* Begin PBXGroup section */
		C21C2B4F260709D400A0F231 = {
			isa = PBXGroup;
			children = (
				C21C2B5A260709D400A0F231 /* MyRecipe */,
				C21C2B59260709D400A0F231 /* Products */,
			);
			sourceTree = "<group>";
		};
		C21C2B59260709D400A0F231 /* Products */ = {
			isa = PBXGroup;
			children = (
				C21C2B58260709D400A0F231 /* MyRecipe.app */,
			);
			name = Products;
			sourceTree = "<group>";
		};
		C21C2B5A260709D400A0F231 /* MyRecipe */ = {
			isa = PBXGroup;
			children = (
				C21C2B61260709D400A0F231 /* Main.storyboard */,
				C21C2B5B260709D400A0F231 /* AppDelegate.swift */,
				C21C2B5D260709D400A0F231 /* SceneDelegate.swift */,
				C285A6902637E07F001866AF /* Models */,
				C285A68C2637D061001866AF /* Views */,
				C2B4D256262EBA49005A4F5B /* Controllers */,
				C21C2B66260709D700A0F231 /* LaunchScreen.storyboard */,
				C21C2B64260709D700A0F231 /* Assets.xcassets */,
				C21C2B69260709D700A0F231 /* Info.plist */,
			);
			path = MyRecipe;
			sourceTree = "<group>";
		};
		C285A68C2637D061001866AF /* Views */ = {
			isa = PBXGroup;
			children = (
				C2B4D253262EBA3C005A4F5B /* RecipeTableViewCell.swift */,
				C2E527962643994400D61FFA /* SearchTableViewCell.swift */,
				C2CC25DA26302D2F001C91B0 /* IngredientTableViewCell.swift */,
				C2B4D261262FF6F1005A4F5B /* MenuTableViewCell.swift */,
				C2B4D25D262F1429005A4F5B /* FoodDetailTableViewCell.swift */,
				C2CC25E3263289F7001C91B0 /* StepCell.swift */,
			);
			path = Views;
			sourceTree = "<group>";
		};
		C285A6902637E07F001866AF /* Models */ = {
			isa = PBXGroup;
			children = (
				C2B4D24B262D6855005A4F5B /* Recipe.swift */,
				C23EC10C26397DAA007DF76C /* Food.swift */,
			);
			path = Models;
			sourceTree = "<group>";
		};
		C2B4D256262EBA49005A4F5B /* Controllers */ = {
			isa = PBXGroup;
			children = (
				C2B4D20226273081005A4F5B /* ToDoViewController.swift */,
				C2E5278E264163AC00D61FFA /* SearchViewController.swift */,
				C287B14926556BFB000C4022 /* SearchDetailViewController.swift */,
				C21C2B7D2607CA4700A0F231 /* ListTableViewController.swift */,
				C2B4D259262ECACD005A4F5B /* RecipeDetailViewController.swift */,
				C2B4D245262D60A4005A4F5B /* RecipeViewController.swift */,
				C2B4D241262D41AC005A4F5B /* RecipeTableViewController.swift */,
				C23EC10926397775007DF76C /* EditFoodViewController.swift */,
			);
			path = Controllers;
			sourceTree = "<group>";
		};
/* End PBXGroup section */

/* Begin PBXNativeTarget section */
		C21C2B57260709D400A0F231 /* MyRecipe */ = {
			isa = PBXNativeTarget;
			buildConfigurationList = C21C2B6C260709D700A0F231 /* Build configuration list for PBXNativeTarget "MyRecipe" */;
			buildPhases = (
				C21C2B54260709D400A0F231 /* Sources */,
				C21C2B55260709D400A0F231 /* Frameworks */,
				C21C2B56260709D400A0F231 /* Resources */,
			);
			buildRules = (
			);
			dependencies = (
			);
			name = MyRecipe;
			productName = MyRecipe;
			productReference = C21C2B58260709D400A0F231 /* MyRecipe.app */;
			productType = "com.apple.product-type.application";
		};
/* End PBXNativeTarget section */

/* Begin PBXProject section */
		C21C2B50260709D400A0F231 /* Project object */ = {
			isa = PBXProject;
			attributes = {
				LastSwiftUpdateCheck = 1240;
				LastUpgradeCheck = 1240;
				TargetAttributes = {
					C21C2B57260709D400A0F231 = {
						CreatedOnToolsVersion = 12.4;
					};
				};
			};
			buildConfigurationList = C21C2B53260709D400A0F231 /* Build configuration list for PBXProject "MyRecipe" */;
			compatibilityVersion = "Xcode 9.3";
			developmentRegion = en;
			hasScannedForEncodings = 0;
			knownRegions = (
				en,
				Base,
			);
			mainGroup = C21C2B4F260709D400A0F231;
			productRefGroup = C21C2B59260709D400A0F231 /* Products */;
			projectDirPath = "";
			projectRoot = "";
			targets = (
				C21C2B57260709D400A0F231 /* MyRecipe */,
			);
		};
/* End PBXProject section */

/* Begin PBXResourcesBuildPhase section */
		C21C2B56260709D400A0F231 /* Resources */ = {
			isa = PBXResourcesBuildPhase;
			buildActionMask = 2147483647;
			files = (
				C21C2B68260709D700A0F231 /* LaunchScreen.storyboard in Resources */,
				C21C2B65260709D700A0F231 /* Assets.xcassets in Resources */,
				C21C2B63260709D400A0F231 /* Main.storyboard in Resources */,
			);
			runOnlyForDeploymentPostprocessing = 0;
		};
/* End PBXResourcesBuildPhase section */

/* Begin PBXSourcesBuildPhase section */
		C21C2B54260709D400A0F231 /* Sources */ = {
			isa = PBXSourcesBuildPhase;
			buildActionMask = 2147483647;
			files = (
				C23EC10A26397775007DF76C /* EditFoodViewController.swift in Sources */,
				C2B4D242262D41AC005A4F5B /* RecipeTableViewController.swift in Sources */,
				C23EC10D26397DAA007DF76C /* Food.swift in Sources */,
				C2B4D262262FF6F2005A4F5B /* MenuTableViewCell.swift in Sources */,
				C21C2B5C260709D400A0F231 /* AppDelegate.swift in Sources */,
				C2B4D254262EBA3C005A4F5B /* RecipeTableViewCell.swift in Sources */,
				C2CC25E4263289F8001C91B0 /* StepCell.swift in Sources */,
				C287B14A26556BFB000C4022 /* SearchDetailViewController.swift in Sources */,
				C2CC25DB26302D2F001C91B0 /* IngredientTableViewCell.swift in Sources */,
				C21C2B5E260709D400A0F231 /* SceneDelegate.swift in Sources */,
				C21C2B7E2607CA4700A0F231 /* ListTableViewController.swift in Sources */,
				C2B4D25E262F142A005A4F5B /* FoodDetailTableViewCell.swift in Sources */,
				C2E527972643994500D61FFA /* SearchTableViewCell.swift in Sources */,
				C2B4D20326273081005A4F5B /* ToDoViewController.swift in Sources */,
				C2E5278F264163AC00D61FFA /* SearchViewController.swift in Sources */,
				C2B4D246262D60A5005A4F5B /* RecipeViewController.swift in Sources */,
				C2B4D25A262ECACD005A4F5B /* RecipeDetailViewController.swift in Sources */,
				C2B4D24C262D6855005A4F5B /* Recipe.swift in Sources */,
			);
			runOnlyForDeploymentPostprocessing = 0;
		};
/* End PBXSourcesBuildPhase section */

/* Begin PBXVariantGroup section */
		C21C2B61260709D400A0F231 /* Main.storyboard */ = {
			isa = PBXVariantGroup;
			children = (
				C21C2B62260709D400A0F231 /* Base */,
			);
			name = Main.storyboard;
			sourceTree = "<group>";
		};
		C21C2B66260709D700A0F231 /* LaunchScreen.storyboard */ = {
			isa = PBXVariantGroup;
			children = (
				C21C2B67260709D700A0F231 /* Base */,
			);
			name = LaunchScreen.storyboard;
			sourceTree = "<group>";
		};
/* End PBXVariantGroup section */

/* Begin XCBuildConfiguration section */
		C21C2B6A260709D700A0F231 /* Debug */ = {
			isa = XCBuildConfiguration;
			buildSettings = {
				ALWAYS_SEARCH_USER_PATHS = NO;
				CLANG_ANALYZER_NONNULL = YES;
				CLANG_ANALYZER_NUMBER_OBJECT_CONVERSION = YES_AGGRESSIVE;
				CLANG_CXX_LANGUAGE_STANDARD = "gnu++14";
				CLANG_CXX_LIBRARY = "libc++";
				CLANG_ENABLE_MODULES = YES;
				CLANG_ENABLE_OBJC_ARC = YES;
				CLANG_ENABLE_OBJC_WEAK = YES;
				CLANG_WARN_BLOCK_CAPTURE_AUTORELEASING = YES;
				CLANG_WARN_BOOL_CONVERSION = YES;
				CLANG_WARN_COMMA = YES;
				CLANG_WARN_CONSTANT_CONVERSION = YES;
				CLANG_WARN_DEPRECATED_OBJC_IMPLEMENTATIONS = YES;
				CLANG_WARN_DIRECT_OBJC_ISA_USAGE = YES_ERROR;
				CLANG_WARN_DOCUMENTATION_COMMENTS = YES;
				CLANG_WARN_EMPTY_BODY = YES;
				CLANG_WARN_ENUM_CONVERSION = YES;
				CLANG_WARN_INFINITE_RECURSION = YES;
				CLANG_WARN_INT_CONVERSION = YES;
				CLANG_WARN_NON_LITERAL_NULL_CONVERSION = YES;
				CLANG_WARN_OBJC_IMPLICIT_RETAIN_SELF = YES;
				CLANG_WARN_OBJC_LITERAL_CONVERSION = YES;
				CLANG_WARN_OBJC_ROOT_CLASS = YES_ERROR;
				CLANG_WARN_QUOTED_INCLUDE_IN_FRAMEWORK_HEADER = YES;
				CLANG_WARN_RANGE_LOOP_ANALYSIS = YES;
				CLANG_WARN_STRICT_PROTOTYPES = YES;
				CLANG_WARN_SUSPICIOUS_MOVE = YES;
				CLANG_WARN_UNGUARDED_AVAILABILITY = YES_AGGRESSIVE;
				CLANG_WARN_UNREACHABLE_CODE = YES;
				CLANG_WARN__DUPLICATE_METHOD_MATCH = YES;
				COPY_PHASE_STRIP = NO;
				DEBUG_INFORMATION_FORMAT = dwarf;
				ENABLE_STRICT_OBJC_MSGSEND = YES;
				ENABLE_TESTABILITY = YES;
				GCC_C_LANGUAGE_STANDARD = gnu11;
				GCC_DYNAMIC_NO_PIC = NO;
				GCC_NO_COMMON_BLOCKS = YES;
				GCC_OPTIMIZATION_LEVEL = 0;
				GCC_PREPROCESSOR_DEFINITIONS = (
					"DEBUG=1",
					"$(inherited)",
				);
				GCC_WARN_64_TO_32_BIT_CONVERSION = YES;
				GCC_WARN_ABOUT_RETURN_TYPE = YES_ERROR;
				GCC_WARN_UNDECLARED_SELECTOR = YES;
				GCC_WARN_UNINITIALIZED_AUTOS = YES_AGGRESSIVE;
				GCC_WARN_UNUSED_FUNCTION = YES;
				GCC_WARN_UNUSED_VARIABLE = YES;
				IPHONEOS_DEPLOYMENT_TARGET = 14.4;
				MTL_ENABLE_DEBUG_INFO = INCLUDE_SOURCE;
				MTL_FAST_MATH = YES;
				ONLY_ACTIVE_ARCH = YES;
				SDKROOT = iphoneos;
				SWIFT_ACTIVE_COMPILATION_CONDITIONS = DEBUG;
				SWIFT_OPTIMIZATION_LEVEL = "-Onone";
			};
			name = Debug;
		};
		C21C2B6B260709D700A0F231 /* Release */ = {
			isa = XCBuildConfiguration;
			buildSettings = {
				ALWAYS_SEARCH_USER_PATHS = NO;
				CLANG_ANALYZER_NONNULL = YES;
				CLANG_ANALYZER_NUMBER_OBJECT_CONVERSION = YES_AGGRESSIVE;
				CLANG_CXX_LANGUAGE_STANDARD = "gnu++14";
				CLANG_CXX_LIBRARY = "libc++";
				CLANG_ENABLE_MODULES = YES;
				CLANG_ENABLE_OBJC_ARC = YES;
				CLANG_ENABLE_OBJC_WEAK = YES;
				CLANG_WARN_BLOCK_CAPTURE_AUTORELEASING = YES;
				CLANG_WARN_BOOL_CONVERSION = YES;
				CLANG_WARN_COMMA = YES;
				CLANG_WARN_CONSTANT_CONVERSION = YES;
				CLANG_WARN_DEPRECATED_OBJC_IMPLEMENTATIONS = YES;
				CLANG_WARN_DIRECT_OBJC_ISA_USAGE = YES_ERROR;
				CLANG_WARN_DOCUMENTATION_COMMENTS = YES;
				CLANG_WARN_EMPTY_BODY = YES;
				CLANG_WARN_ENUM_CONVERSION = YES;
				CLANG_WARN_INFINITE_RECURSION = YES;
				CLANG_WARN_INT_CONVERSION = YES;
				CLANG_WARN_NON_LITERAL_NULL_CONVERSION = YES;
				CLANG_WARN_OBJC_IMPLICIT_RETAIN_SELF = YES;
				CLANG_WARN_OBJC_LITERAL_CONVERSION = YES;
				CLANG_WARN_OBJC_ROOT_CLASS = YES_ERROR;
				CLANG_WARN_QUOTED_INCLUDE_IN_FRAMEWORK_HEADER = YES;
				CLANG_WARN_RANGE_LOOP_ANALYSIS = YES;
				CLANG_WARN_STRICT_PROTOTYPES = YES;
				CLANG_WARN_SUSPICIOUS_MOVE = YES;
				CLANG_WARN_UNGUARDED_AVAILABILITY = YES_AGGRESSIVE;
				CLANG_WARN_UNREACHABLE_CODE = YES;
				CLANG_WARN__DUPLICATE_METHOD_MATCH = YES;
				COPY_PHASE_STRIP = NO;
				DEBUG_INFORMATION_FORMAT = "dwarf-with-dsym";
				ENABLE_NS_ASSERTIONS = NO;
				ENABLE_STRICT_OBJC_MSGSEND = YES;
				GCC_C_LANGUAGE_STANDARD = gnu11;
				GCC_NO_COMMON_BLOCKS = YES;
				GCC_WARN_64_TO_32_BIT_CONVERSION = YES;
				GCC_WARN_ABOUT_RETURN_TYPE = YES_ERROR;
				GCC_WARN_UNDECLARED_SELECTOR = YES;
				GCC_WARN_UNINITIALIZED_AUTOS = YES_AGGRESSIVE;
				GCC_WARN_UNUSED_FUNCTION = YES;
				GCC_WARN_UNUSED_VARIABLE = YES;
				IPHONEOS_DEPLOYMENT_TARGET = 14.4;
				MTL_ENABLE_DEBUG_INFO = NO;
				MTL_FAST_MATH = YES;
				SDKROOT = iphoneos;
				SWIFT_COMPILATION_MODE = wholemodule;
				SWIFT_OPTIMIZATION_LEVEL = "-O";
				VALIDATE_PRODUCT = YES;
			};
			name = Release;
		};
		C21C2B6D260709D700A0F231 /* Debug */ = {
			isa = XCBuildConfiguration;
			buildSettings = {
				ASSETCATALOG_COMPILER_APPICON_NAME = AppIcon;
				ASSETCATALOG_COMPILER_GLOBAL_ACCENT_COLOR_NAME = AccentColor;
				CODE_SIGN_STYLE = Automatic;
				DEVELOPMENT_TEAM = SQMVPKM7B5;
				INFOPLIST_FILE = MyRecipe/Info.plist;
				LD_RUNPATH_SEARCH_PATHS = (
					"$(inherited)",
					"@executable_path/Frameworks",
				);
				PRODUCT_BUNDLE_IDENTIFIER = appios.com.MyRecipe;
				PRODUCT_NAME = "$(TARGET_NAME)";
				SWIFT_VERSION = 5.0;
				TARGETED_DEVICE_FAMILY = "1,2";
			};
			name = Debug;
		};
		C21C2B6E260709D700A0F231 /* Release */ = {
			isa = XCBuildConfiguration;
			buildSettings = {
				ASSETCATALOG_COMPILER_APPICON_NAME = AppIcon;
				ASSETCATALOG_COMPILER_GLOBAL_ACCENT_COLOR_NAME = AccentColor;
				CODE_SIGN_STYLE = Automatic;
				DEVELOPMENT_TEAM = SQMVPKM7B5;
				INFOPLIST_FILE = MyRecipe/Info.plist;
				LD_RUNPATH_SEARCH_PATHS = (
					"$(inherited)",
					"@executable_path/Frameworks",
				);
				PRODUCT_BUNDLE_IDENTIFIER = appios.com.MyRecipe;
				PRODUCT_NAME = "$(TARGET_NAME)";
				SWIFT_VERSION = 5.0;
				TARGETED_DEVICE_FAMILY = "1,2";
			};
			name = Release;
		};
/* End XCBuildConfiguration section */

/* Begin XCConfigurationList section */
		C21C2B53260709D400A0F231 /* Build configuration list for PBXProject "MyRecipe" */ = {
			isa = XCConfigurationList;
			buildConfigurations = (
				C21C2B6A260709D700A0F231 /* Debug */,
				C21C2B6B260709D700A0F231 /* Release */,
			);
			defaultConfigurationIsVisible = 0;
			defaultConfigurationName = Release;
		};
		C21C2B6C260709D700A0F231 /* Build configuration list for PBXNativeTarget "MyRecipe" */ = {
			isa = XCConfigurationList;
			buildConfigurations = (
				C21C2B6D260709D700A0F231 /* Debug */,
				C21C2B6E260709D700A0F231 /* Release */,
			);
			defaultConfigurationIsVisible = 0;
			defaultConfigurationName = Release;
		};
/* End XCConfigurationList section */
	};
	rootObject = C21C2B50260709D400A0F231 /* Project object */;
}
